# This file was autogenerated by Stack.
# You should not edit this file by hand.
# For more information, please see the documentation at:
#   https://docs.haskellstack.org/en/stable/lock_files

packages:
- completed:
    hackage: tomland-1.3.3.3@sha256:877635f30fc7eeebc7b79283baeec1b7904365973cc3fd98c86f9d147eeef575,9147
    pantry-tree:
      sha256: 4b2b3295ea1bb95295087876a861f50e9f2c667731570fe24383210f794edfc1
      size: 6430
  original:
    hackage: tomland-1.3.3.3
- completed:
    hackage: validation-selective-0.2.0.0@sha256:cc847f1a110e3b1bd437a5356f115881b61cafcb11781b570b180efd88bf0907,3917
    pantry-tree:
      sha256: f6d871d6200ec0cf4903072028e17f0d0c7d9a71bedca11ace9d4c33a5387dd4
      size: 697
  original:
    hackage: validation-selective-0.2.0.0@sha256:cc847f1a110e3b1bd437a5356f115881b61cafcb11781b570b180efd88bf0907,3917
snapshots:
- completed:
    sha256: c6274f9587d6bf40b6aaa7d1092684c37a2d8bb1e0df999ae0e2b755db15682d
    size: 720026
    url: https://raw.githubusercontent.com/commercialhaskell/stackage-snapshots/master/lts/22/37.yaml
  original:
    url: https://raw.githubusercontent.com/commercialhaskell/stackage-snapshots/master/lts/22/37.yaml
